// !$*UTF8*$!
{
	archiveVersion = 1;
	classes = {
	};
	objectVersion = 46;
	objects = {

/* Begin PBXBuildFile section */
		7D2F869C1D1DBDE70075C09B /* LoginViewController.m in Sources */ = {isa = PBXBuildFile; fileRef = 7D2F869B1D1DBDE70075C09B /* LoginViewController.m */; };
		7D2F869E1D1DBED80075C09B /* Auth0.plist in Resources */ = {isa = PBXBuildFile; fileRef = 7D2F869D1D1DBED80075C09B /* Auth0.plist */; };
		7D2F86AC1D1DC2FA0075C09B /* SignUpViewController.m in Sources */ = {isa = PBXBuildFile; fileRef = 7D2F86A81D1DC2FA0075C09B /* SignUpViewController.m */; };
		7D2F86B01D1DC47E0075C09B /* ProfileViewController.m in Sources */ = {isa = PBXBuildFile; fileRef = 7D2F86AF1D1DC47E0075C09B /* ProfileViewController.m */; };
		7D2F86B31D1DCE240075C09B /* UIViewController_Dismiss.m in Sources */ = {isa = PBXBuildFile; fileRef = 7D2F86B21D1DCE240075C09B /* UIViewController_Dismiss.m */; };
		7D2F86B51D1DD26E0075C09B /* UIStoryboardSegueWithCompletion.m in Sources */ = {isa = PBXBuildFile; fileRef = 7D2F86B41D1DD26E0075C09B /* UIStoryboardSegueWithCompletion.m */; };
		7D57F0681D1B20AA0015BFC1 /* main.m in Sources */ = {isa = PBXBuildFile; fileRef = 7D57F0671D1B20AA0015BFC1 /* main.m */; };
		7D57F06B1D1B20AA0015BFC1 /* AppDelegate.m in Sources */ = {isa = PBXBuildFile; fileRef = 7D57F06A1D1B20AA0015BFC1 /* AppDelegate.m */; };
		7D57F06E1D1B20AA0015BFC1 /* HomeViewController.m in Sources */ = {isa = PBXBuildFile; fileRef = 7D57F06D1D1B20AA0015BFC1 /* HomeViewController.m */; };
		7D57F0711D1B20AA0015BFC1 /* Main.storyboard in Resources */ = {isa = PBXBuildFile; fileRef = 7D57F06F1D1B20AA0015BFC1 /* Main.storyboard */; };
		7D57F0731D1B20AA0015BFC1 /* Assets.xcassets in Resources */ = {isa = PBXBuildFile; fileRef = 7D57F0721D1B20AA0015BFC1 /* Assets.xcassets */; };
		7D57F0761D1B20AA0015BFC1 /* LaunchScreen.storyboard in Resources */ = {isa = PBXBuildFile; fileRef = 7D57F0741D1B20AA0015BFC1 /* LaunchScreen.storyboard */; };
		7D6CCE091D5E188F0047DCC7 /* UIView+roundCorners.m in Sources */ = {isa = PBXBuildFile; fileRef = 7D6CCE081D5E188F0047DCC7 /* UIView+roundCorners.m */; };
		7D6CCE0C1D5E1B2F0047DCC7 /* UITextField+PlaceholderColor.m in Sources */ = {isa = PBXBuildFile; fileRef = 7D6CCE0B1D5E1B2F0047DCC7 /* UITextField+PlaceholderColor.m */; };
		7D6CCE0F1D5E20180047DCC7 /* UIColor+extraColors.m in Sources */ = {isa = PBXBuildFile; fileRef = 7D6CCE0E1D5E20180047DCC7 /* UIColor+extraColors.m */; };
		C2003E1E4C2178086F55DB60 /* Pods_Auth0Sample.framework in Frameworks */ = {isa = PBXBuildFile; fileRef = 2A2B4093E40FE2A21664BDA8 /* Pods_Auth0Sample.framework */; };
/* End PBXBuildFile section */

/* Begin PBXFileReference section */
		2A2B4093E40FE2A21664BDA8 /* Pods_Auth0Sample.framework */ = {isa = PBXFileReference; explicitFileType = wrapper.framework; includeInIndex = 0; path = Pods_Auth0Sample.framework; sourceTree = BUILT_PRODUCTS_DIR; };
		3B25609A6D46715F5045873A /* Pods-Auth0Sample.debug.xcconfig */ = {isa = PBXFileReference; includeInIndex = 1; lastKnownFileType = text.xcconfig; name = "Pods-Auth0Sample.debug.xcconfig"; path = "Pods/Target Support Files/Pods-Auth0Sample/Pods-Auth0Sample.debug.xcconfig"; sourceTree = "<group>"; };
		5FF37C4D1DAE809D00E1A6FB /* UITextField+PlaceholderColor.h */ = {isa = PBXFileReference; fileEncoding = 4; lastKnownFileType = sourcecode.c.h; path = "UITextField+PlaceholderColor.h"; sourceTree = "<group>"; };
		5FF37C4E1DAE809D00E1A6FB /* UITextField+PlaceholderColor.m */ = {isa = PBXFileReference; fileEncoding = 4; lastKnownFileType = sourcecode.c.objc; path = "UITextField+PlaceholderColor.m"; sourceTree = "<group>"; };
		7D2F869A1D1DBDE70075C09B /* LoginViewController.h */ = {isa = PBXFileReference; fileEncoding = 4; lastKnownFileType = sourcecode.c.h; path = LoginViewController.h; sourceTree = "<group>"; };
		7D2F869B1D1DBDE70075C09B /* LoginViewController.m */ = {isa = PBXFileReference; fileEncoding = 4; lastKnownFileType = sourcecode.c.objc; path = LoginViewController.m; sourceTree = "<group>"; };
		7D2F869D1D1DBED80075C09B /* Auth0.plist */ = {isa = PBXFileReference; fileEncoding = 4; lastKnownFileType = text.plist.xml; path = Auth0.plist; sourceTree = "<group>"; };
		7D2F86A71D1DC2FA0075C09B /* SignUpViewController.h */ = {isa = PBXFileReference; fileEncoding = 4; lastKnownFileType = sourcecode.c.h; path = SignUpViewController.h; sourceTree = "<group>"; };
		7D2F86A81D1DC2FA0075C09B /* SignUpViewController.m */ = {isa = PBXFileReference; fileEncoding = 4; lastKnownFileType = sourcecode.c.objc; path = SignUpViewController.m; sourceTree = "<group>"; };
		7D2F86AE1D1DC47E0075C09B /* ProfileViewController.h */ = {isa = PBXFileReference; fileEncoding = 4; lastKnownFileType = sourcecode.c.h; path = ProfileViewController.h; sourceTree = "<group>"; };
		7D2F86AF1D1DC47E0075C09B /* ProfileViewController.m */ = {isa = PBXFileReference; fileEncoding = 4; lastKnownFileType = sourcecode.c.objc; path = ProfileViewController.m; sourceTree = "<group>"; };
		7D2F86B11D1DCDFE0075C09B /* UIViewController_Dismiss.h */ = {isa = PBXFileReference; fileEncoding = 4; lastKnownFileType = sourcecode.c.h; path = UIViewController_Dismiss.h; sourceTree = "<group>"; };
		7D2F86B21D1DCE240075C09B /* UIViewController_Dismiss.m */ = {isa = PBXFileReference; fileEncoding = 4; lastKnownFileType = sourcecode.c.objc; path = UIViewController_Dismiss.m; sourceTree = "<group>"; };
		7D2F86B41D1DD26E0075C09B /* UIStoryboardSegueWithCompletion.m */ = {isa = PBXFileReference; fileEncoding = 4; lastKnownFileType = sourcecode.c.objc; path = UIStoryboardSegueWithCompletion.m; sourceTree = "<group>"; };
		7D2F86B61D1DD2780075C09B /* UIStoryboardSegueWithCompletion.h */ = {isa = PBXFileReference; lastKnownFileType = sourcecode.c.h; path = UIStoryboardSegueWithCompletion.h; sourceTree = "<group>"; };
		7D57F0631D1B20AA0015BFC1 /* Auth0Sample.app */ = {isa = PBXFileReference; explicitFileType = wrapper.application; includeInIndex = 0; path = Auth0Sample.app; sourceTree = BUILT_PRODUCTS_DIR; };
		7D57F0671D1B20AA0015BFC1 /* main.m */ = {isa = PBXFileReference; lastKnownFileType = sourcecode.c.objc; path = main.m; sourceTree = "<group>"; };
		7D57F0691D1B20AA0015BFC1 /* AppDelegate.h */ = {isa = PBXFileReference; lastKnownFileType = sourcecode.c.h; path = AppDelegate.h; sourceTree = "<group>"; };
		7D57F06A1D1B20AA0015BFC1 /* AppDelegate.m */ = {isa = PBXFileReference; lastKnownFileType = sourcecode.c.objc; path = AppDelegate.m; sourceTree = "<group>"; };
		7D57F06C1D1B20AA0015BFC1 /* HomeViewController.h */ = {isa = PBXFileReference; lastKnownFileType = sourcecode.c.h; path = HomeViewController.h; sourceTree = "<group>"; };
		7D57F06D1D1B20AA0015BFC1 /* HomeViewController.m */ = {isa = PBXFileReference; lastKnownFileType = sourcecode.c.objc; path = HomeViewController.m; sourceTree = "<group>"; };
		7D57F0701D1B20AA0015BFC1 /* Base */ = {isa = PBXFileReference; lastKnownFileType = file.storyboard; name = Base; path = Base.lproj/Main.storyboard; sourceTree = "<group>"; };
		7D57F0721D1B20AA0015BFC1 /* Assets.xcassets */ = {isa = PBXFileReference; lastKnownFileType = folder.assetcatalog; path = Assets.xcassets; sourceTree = "<group>"; };
		7D57F0751D1B20AA0015BFC1 /* Base */ = {isa = PBXFileReference; lastKnownFileType = file.storyboard; name = Base; path = Base.lproj/LaunchScreen.storyboard; sourceTree = "<group>"; };
		7D57F0771D1B20AA0015BFC1 /* Info.plist */ = {isa = PBXFileReference; lastKnownFileType = text.plist.xml; path = Info.plist; sourceTree = "<group>"; };
		7D6CCE071D5E188F0047DCC7 /* UIView+roundCorners.h */ = {isa = PBXFileReference; fileEncoding = 4; lastKnownFileType = sourcecode.c.h; path = "UIView+roundCorners.h"; sourceTree = "<group>"; };
		7D6CCE081D5E188F0047DCC7 /* UIView+roundCorners.m */ = {isa = PBXFileReference; fileEncoding = 4; lastKnownFileType = sourcecode.c.objc; path = "UIView+roundCorners.m"; sourceTree = "<group>"; };
		7D6CCE0A1D5E1B2F0047DCC7 /* UITextField+PlaceholderColor.h */ = {isa = PBXFileReference; fileEncoding = 4; lastKnownFileType = sourcecode.c.h; path = "UITextField+PlaceholderColor.h"; sourceTree = "<group>"; };
		7D6CCE0B1D5E1B2F0047DCC7 /* UITextField+PlaceholderColor.m */ = {isa = PBXFileReference; fileEncoding = 4; lastKnownFileType = sourcecode.c.objc; path = "UITextField+PlaceholderColor.m"; sourceTree = "<group>"; };
		7D6CCE0D1D5E20180047DCC7 /* UIColor+extraColors.h */ = {isa = PBXFileReference; fileEncoding = 4; lastKnownFileType = sourcecode.c.h; path = "UIColor+extraColors.h"; sourceTree = "<group>"; };
		7D6CCE0E1D5E20180047DCC7 /* UIColor+extraColors.m */ = {isa = PBXFileReference; fileEncoding = 4; lastKnownFileType = sourcecode.c.objc; path = "UIColor+extraColors.m"; sourceTree = "<group>"; };
		C6207B570F23A52F6720AFD8 /* Pods-Auth0Sample.release.xcconfig */ = {isa = PBXFileReference; includeInIndex = 1; lastKnownFileType = text.xcconfig; name = "Pods-Auth0Sample.release.xcconfig"; path = "Pods/Target Support Files/Pods-Auth0Sample/Pods-Auth0Sample.release.xcconfig"; sourceTree = "<group>"; };
/* End PBXFileReference section */

/* Begin PBXFrameworksBuildPhase section */
		7D57F0601D1B20AA0015BFC1 /* Frameworks */ = {
			isa = PBXFrameworksBuildPhase;
			buildActionMask = 2147483647;
			files = (
				C2003E1E4C2178086F55DB60 /* Pods_Auth0Sample.framework in Frameworks */,
			);
			runOnlyForDeploymentPostprocessing = 0;
		};
/* End PBXFrameworksBuildPhase section */

/* Begin PBXGroup section */
		7D2F86A11D1DBFD10075C09B /* Helpers */ = {
			isa = PBXGroup;
			children = (
				7D2F86B11D1DCDFE0075C09B /* UIViewController_Dismiss.h */,
				7D2F86B21D1DCE240075C09B /* UIViewController_Dismiss.m */,
				7D2F86B41D1DD26E0075C09B /* UIStoryboardSegueWithCompletion.m */,
				7D2F86B61D1DD2780075C09B /* UIStoryboardSegueWithCompletion.h */,
				7D6CCE071D5E188F0047DCC7 /* UIView+roundCorners.h */,
				7D6CCE081D5E188F0047DCC7 /* UIView+roundCorners.m */,
				7D6CCE0A1D5E1B2F0047DCC7 /* UITextField+PlaceholderColor.h */,
				7D6CCE0B1D5E1B2F0047DCC7 /* UITextField+PlaceholderColor.m */,
				7D6CCE0D1D5E20180047DCC7 /* UIColor+extraColors.h */,
				7D6CCE0E1D5E20180047DCC7 /* UIColor+extraColors.m */,
			);
			name = Helpers;
			sourceTree = "<group>";
		};
		7D57F05A1D1B20AA0015BFC1 = {
			isa = PBXGroup;
			children = (
				7D57F0651D1B20AA0015BFC1 /* Auth0Sample */,
				7D57F0641D1B20AA0015BFC1 /* Products */,
				AC3EF7D2224136A2C69A9390 /* Pods */,
				85FE77049B0800B0DB47A562 /* Frameworks */,
			);
			sourceTree = "<group>";
		};
		7D57F0641D1B20AA0015BFC1 /* Products */ = {
			isa = PBXGroup;
			children = (
				7D57F0631D1B20AA0015BFC1 /* Auth0Sample.app */,
			);
			name = Products;
			sourceTree = "<group>";
		};
		7D57F0651D1B20AA0015BFC1 /* Auth0Sample */ = {
			isa = PBXGroup;
			children = (
				5FF37C4D1DAE809D00E1A6FB /* UITextField+PlaceholderColor.h */,
				5FF37C4E1DAE809D00E1A6FB /* UITextField+PlaceholderColor.m */,
				7D57F0691D1B20AA0015BFC1 /* AppDelegate.h */,
				7D57F06A1D1B20AA0015BFC1 /* AppDelegate.m */,
				7D57F06C1D1B20AA0015BFC1 /* HomeViewController.h */,
				7D57F06D1D1B20AA0015BFC1 /* HomeViewController.m */,
				7D2F869A1D1DBDE70075C09B /* LoginViewController.h */,
				7D2F869B1D1DBDE70075C09B /* LoginViewController.m */,
				7D2F86A71D1DC2FA0075C09B /* SignUpViewController.h */,
				7D2F86A81D1DC2FA0075C09B /* SignUpViewController.m */,
				7D2F86AE1D1DC47E0075C09B /* ProfileViewController.h */,
				7D2F86AF1D1DC47E0075C09B /* ProfileViewController.m */,
				7D57F06F1D1B20AA0015BFC1 /* Main.storyboard */,
				7D57F0721D1B20AA0015BFC1 /* Assets.xcassets */,
				7D57F0741D1B20AA0015BFC1 /* LaunchScreen.storyboard */,
				7D57F0771D1B20AA0015BFC1 /* Info.plist */,
				7D2F869D1D1DBED80075C09B /* Auth0.plist */,
				7D2F86A11D1DBFD10075C09B /* Helpers */,
				7D57F0661D1B20AA0015BFC1 /* Supporting Files */,
			);
			path = Auth0Sample;
			sourceTree = "<group>";
		};
		7D57F0661D1B20AA0015BFC1 /* Supporting Files */ = {
			isa = PBXGroup;
			children = (
				7D57F0671D1B20AA0015BFC1 /* main.m */,
			);
			name = "Supporting Files";
			sourceTree = "<group>";
		};
		85FE77049B0800B0DB47A562 /* Frameworks */ = {
			isa = PBXGroup;
			children = (
				2A2B4093E40FE2A21664BDA8 /* Pods_Auth0Sample.framework */,
			);
			name = Frameworks;
			sourceTree = "<group>";
		};
		AC3EF7D2224136A2C69A9390 /* Pods */ = {
			isa = PBXGroup;
			children = (
				3B25609A6D46715F5045873A /* Pods-Auth0Sample.debug.xcconfig */,
				C6207B570F23A52F6720AFD8 /* Pods-Auth0Sample.release.xcconfig */,
			);
			name = Pods;
			sourceTree = "<group>";
		};
/* End PBXGroup section */

/* Begin PBXNativeTarget section */
		7D57F0621D1B20AA0015BFC1 /* Auth0Sample */ = {
			isa = PBXNativeTarget;
			buildConfigurationList = 7D57F07A1D1B20AA0015BFC1 /* Build configuration list for PBXNativeTarget "Auth0Sample" */;
			buildPhases = (
				90B30566C5A107682115ADE5 /* [CP] Check Pods Manifest.lock */,
				7D57F05F1D1B20AA0015BFC1 /* Sources */,
				7D57F0601D1B20AA0015BFC1 /* Frameworks */,
				7D57F0611D1B20AA0015BFC1 /* Resources */,
				3DB3413649ED92C843060532 /* [CP] Embed Pods Frameworks */,
				42E3AD8401B0DACF03942602 /* [CP] Copy Pods Resources */,
			);
			buildRules = (
			);
			dependencies = (
			);
			name = Auth0Sample;
			productName = Auth0Sample;
			productReference = 7D57F0631D1B20AA0015BFC1 /* Auth0Sample.app */;
			productType = "com.apple.product-type.application";
		};
/* End PBXNativeTarget section */

/* Begin PBXProject section */
		7D57F05B1D1B20AA0015BFC1 /* Project object */ = {
			isa = PBXProject;
			attributes = {
				LastUpgradeCheck = 0800;
				ORGANIZATIONNAME = Auth0;
				TargetAttributes = {
					7D57F0621D1B20AA0015BFC1 = {
						CreatedOnToolsVersion = 7.3;
						LastSwiftMigration = 0800;
					};
				};
			};
			buildConfigurationList = 7D57F05E1D1B20AA0015BFC1 /* Build configuration list for PBXProject "Auth0Sample" */;
			compatibilityVersion = "Xcode 3.2";
			developmentRegion = English;
			hasScannedForEncodings = 0;
			knownRegions = (
				en,
				Base,
			);
			mainGroup = 7D57F05A1D1B20AA0015BFC1;
			productRefGroup = 7D57F0641D1B20AA0015BFC1 /* Products */;
			projectDirPath = "";
			projectRoot = "";
			targets = (
				7D57F0621D1B20AA0015BFC1 /* Auth0Sample */,
			);
		};
/* End PBXProject section */

/* Begin PBXResourcesBuildPhase section */
		7D57F0611D1B20AA0015BFC1 /* Resources */ = {
			isa = PBXResourcesBuildPhase;
			buildActionMask = 2147483647;
			files = (
				7D57F0761D1B20AA0015BFC1 /* LaunchScreen.storyboard in Resources */,
				7D57F0731D1B20AA0015BFC1 /* Assets.xcassets in Resources */,
				7D57F0711D1B20AA0015BFC1 /* Main.storyboard in Resources */,
				7D2F869E1D1DBED80075C09B /* Auth0.plist in Resources */,
			);
			runOnlyForDeploymentPostprocessing = 0;
		};
/* End PBXResourcesBuildPhase section */

/* Begin PBXShellScriptBuildPhase section */
		3DB3413649ED92C843060532 /* [CP] Embed Pods Frameworks */ = {
			isa = PBXShellScriptBuildPhase;
			buildActionMask = 2147483647;
			files = (
			);
			inputPaths = (
			);
			name = "[CP] Embed Pods Frameworks";
			outputPaths = (
			);
			runOnlyForDeploymentPostprocessing = 0;
			shellPath = /bin/sh;
			shellScript = "\"${SRCROOT}/Pods/Target Support Files/Pods-Auth0Sample/Pods-Auth0Sample-frameworks.sh\"\n";
			showEnvVarsInLog = 0;
		};
		42E3AD8401B0DACF03942602 /* [CP] Copy Pods Resources */ = {
			isa = PBXShellScriptBuildPhase;
			buildActionMask = 2147483647;
			files = (
			);
			inputPaths = (
			);
			name = "[CP] Copy Pods Resources";
			outputPaths = (
			);
			runOnlyForDeploymentPostprocessing = 0;
			shellPath = /bin/sh;
			shellScript = "\"${SRCROOT}/Pods/Target Support Files/Pods-Auth0Sample/Pods-Auth0Sample-resources.sh\"\n";
			showEnvVarsInLog = 0;
		};
		90B30566C5A107682115ADE5 /* [CP] Check Pods Manifest.lock */ = {
			isa = PBXShellScriptBuildPhase;
			buildActionMask = 2147483647;
			files = (
			);
			inputPaths = (
			);
			name = "[CP] Check Pods Manifest.lock";
			outputPaths = (
			);
			runOnlyForDeploymentPostprocessing = 0;
			shellPath = /bin/sh;
			shellScript = "diff \"${PODS_ROOT}/../Podfile.lock\" \"${PODS_ROOT}/Manifest.lock\" > /dev/null\nif [ $? != 0 ] ; then\n    # print error to STDERR\n    echo \"error: The sandbox is not in sync with the Podfile.lock. Run 'pod install' or update your CocoaPods installation.\" >&2\n    exit 1\nfi\n";
			showEnvVarsInLog = 0;
		};
/* End PBXShellScriptBuildPhase section */

/* Begin PBXSourcesBuildPhase section */
		7D57F05F1D1B20AA0015BFC1 /* Sources */ = {
			isa = PBXSourcesBuildPhase;
			buildActionMask = 2147483647;
			files = (
				7D2F869C1D1DBDE70075C09B /* LoginViewController.m in Sources */,
				7D2F86B31D1DCE240075C09B /* UIViewController_Dismiss.m in Sources */,
				7D2F86B01D1DC47E0075C09B /* ProfileViewController.m in Sources */,
				7D57F06E1D1B20AA0015BFC1 /* HomeViewController.m in Sources */,
				7D2F86B51D1DD26E0075C09B /* UIStoryboardSegueWithCompletion.m in Sources */,
				7D6CCE0C1D5E1B2F0047DCC7 /* UITextField+PlaceholderColor.m in Sources */,
				7D6CCE091D5E188F0047DCC7 /* UIView+roundCorners.m in Sources */,
				7D57F06B1D1B20AA0015BFC1 /* AppDelegate.m in Sources */,
				7D2F86AC1D1DC2FA0075C09B /* SignUpViewController.m in Sources */,
				7D6CCE0F1D5E20180047DCC7 /* UIColor+extraColors.m in Sources */,
				7D57F0681D1B20AA0015BFC1 /* main.m in Sources */,
			);
			runOnlyForDeploymentPostprocessing = 0;
		};
/* End PBXSourcesBuildPhase section */

/* Begin PBXVariantGroup section */
		7D57F06F1D1B20AA0015BFC1 /* Main.storyboard */ = {
			isa = PBXVariantGroup;
			children = (
				7D57F0701D1B20AA0015BFC1 /* Base */,
			);
			name = Main.storyboard;
			sourceTree = "<group>";
		};
		7D57F0741D1B20AA0015BFC1 /* LaunchScreen.storyboard */ = {
			isa = PBXVariantGroup;
			children = (
				7D57F0751D1B20AA0015BFC1 /* Base */,
			);
			name = LaunchScreen.storyboard;
			sourceTree = "<group>";
		};
/* End PBXVariantGroup section */

/* Begin XCBuildConfiguration section */
		7D57F0781D1B20AA0015BFC1 /* Debug */ = {
			isa = XCBuildConfiguration;
			buildSettings = {
				ALWAYS_SEARCH_USER_PATHS = NO;
				CLANG_ANALYZER_NONNULL = YES;
				CLANG_CXX_LANGUAGE_STANDARD = "gnu++0x";
				CLANG_CXX_LIBRARY = "libc++";
				CLANG_ENABLE_MODULES = YES;
				CLANG_ENABLE_OBJC_ARC = YES;
				CLANG_WARN_BOOL_CONVERSION = YES;
				CLANG_WARN_CONSTANT_CONVERSION = YES;
				CLANG_WARN_DIRECT_OBJC_ISA_USAGE = YES_ERROR;
				CLANG_WARN_EMPTY_BODY = YES;
				CLANG_WARN_ENUM_CONVERSION = YES;
				CLANG_WARN_INFINITE_RECURSION = YES;
				CLANG_WARN_INT_CONVERSION = YES;
				CLANG_WARN_OBJC_ROOT_CLASS = YES_ERROR;
				CLANG_WARN_SUSPICIOUS_MOVE = YES;
				CLANG_WARN_UNREACHABLE_CODE = YES;
				CLANG_WARN__DUPLICATE_METHOD_MATCH = YES;
				"CODE_SIGN_IDENTITY[sdk=iphoneos*]" = "iPhone Developer";
				COPY_PHASE_STRIP = NO;
				DEBUG_INFORMATION_FORMAT = dwarf;
				ENABLE_STRICT_OBJC_MSGSEND = YES;
				ENABLE_TESTABILITY = YES;
				GCC_C_LANGUAGE_STANDARD = gnu99;
				GCC_DYNAMIC_NO_PIC = NO;
				GCC_NO_COMMON_BLOCKS = YES;
				GCC_OPTIMIZATION_LEVEL = 0;
				GCC_PREPROCESSOR_DEFINITIONS = (
					"DEBUG=1",
					"$(inherited)",
				);
				GCC_WARN_64_TO_32_BIT_CONVERSION = YES;
				GCC_WARN_ABOUT_RETURN_TYPE = YES_ERROR;
				GCC_WARN_UNDECLARED_SELECTOR = YES;
				GCC_WARN_UNINITIALIZED_AUTOS = YES_AGGRESSIVE;
				GCC_WARN_UNUSED_FUNCTION = YES;
				GCC_WARN_UNUSED_VARIABLE = YES;
				IPHONEOS_DEPLOYMENT_TARGET = 9.3;
				MTL_ENABLE_DEBUG_INFO = YES;
				ONLY_ACTIVE_ARCH = YES;
				SDKROOT = iphoneos;
				TARGETED_DEVICE_FAMILY = "1,2";
			};
			name = Debug;
		};
		7D57F0791D1B20AA0015BFC1 /* Release */ = {
			isa = XCBuildConfiguration;
			buildSettings = {
				ALWAYS_SEARCH_USER_PATHS = NO;
				CLANG_ANALYZER_NONNULL = YES;
				CLANG_CXX_LANGUAGE_STANDARD = "gnu++0x";
				CLANG_CXX_LIBRARY = "libc++";
				CLANG_ENABLE_MODULES = YES;
				CLANG_ENABLE_OBJC_ARC = YES;
				CLANG_WARN_BOOL_CONVERSION = YES;
				CLANG_WARN_CONSTANT_CONVERSION = YES;
				CLANG_WARN_DIRECT_OBJC_ISA_USAGE = YES_ERROR;
				CLANG_WARN_EMPTY_BODY = YES;
				CLANG_WARN_ENUM_CONVERSION = YES;
				CLANG_WARN_INFINITE_RECURSION = YES;
				CLANG_WARN_INT_CONVERSION = YES;
				CLANG_WARN_OBJC_ROOT_CLASS = YES_ERROR;
				CLANG_WARN_SUSPICIOUS_MOVE = YES;
				CLANG_WARN_UNREACHABLE_CODE = YES;
				CLANG_WARN__DUPLICATE_METHOD_MATCH = YES;
				"CODE_SIGN_IDENTITY[sdk=iphoneos*]" = "iPhone Developer";
				COPY_PHASE_STRIP = NO;
				DEBUG_INFORMATION_FORMAT = "dwarf-with-dsym";
				ENABLE_NS_ASSERTIONS = NO;
				ENABLE_STRICT_OBJC_MSGSEND = YES;
				GCC_C_LANGUAGE_STANDARD = gnu99;
				GCC_NO_COMMON_BLOCKS = YES;
				GCC_WARN_64_TO_32_BIT_CONVERSION = YES;
				GCC_WARN_ABOUT_RETURN_TYPE = YES_ERROR;
				GCC_WARN_UNDECLARED_SELECTOR = YES;
				GCC_WARN_UNINITIALIZED_AUTOS = YES_AGGRESSIVE;
				GCC_WARN_UNUSED_FUNCTION = YES;
				GCC_WARN_UNUSED_VARIABLE = YES;
				IPHONEOS_DEPLOYMENT_TARGET = 9.3;
				MTL_ENABLE_DEBUG_INFO = NO;
				SDKROOT = iphoneos;
				TARGETED_DEVICE_FAMILY = "1,2";
				VALIDATE_PRODUCT = YES;
			};
			name = Release;
		};
		7D57F07B1D1B20AA0015BFC1 /* Debug */ = {
			isa = XCBuildConfiguration;
			baseConfigurationReference = 3B25609A6D46715F5045873A /* Pods-Auth0Sample.debug.xcconfig */;
			buildSettings = {
				ALWAYS_EMBED_SWIFT_STANDARD_LIBRARIES = YES;
				ASSETCATALOG_COMPILER_APPICON_NAME = AppIcon;
				DEFINES_MODULE = YES;
				INFOPLIST_FILE = Auth0Sample/Info.plist;
				LD_RUNPATH_SEARCH_PATHS = "$(inherited) @executable_path/Frameworks";
				PRODUCT_BUNDLE_IDENTIFIER = auth0.samples.Auth0Sample;
				PRODUCT_NAME = "$(TARGET_NAME)";
				SWIFT_VERSION = 3.0;
			};
			name = Debug;
		};
		7D57F07C1D1B20AA0015BFC1 /* Release */ = {
			isa = XCBuildConfiguration;
			baseConfigurationReference = C6207B570F23A52F6720AFD8 /* Pods-Auth0Sample.release.xcconfig */;
			buildSettings = {
				ALWAYS_EMBED_SWIFT_STANDARD_LIBRARIES = YES;
				ASSETCATALOG_COMPILER_APPICON_NAME = AppIcon;
				DEFINES_MODULE = YES;
				INFOPLIST_FILE = Auth0Sample/Info.plist;
				LD_RUNPATH_SEARCH_PATHS = "$(inherited) @executable_path/Frameworks";
				PRODUCT_BUNDLE_IDENTIFIER = auth0.samples.Auth0Sample;
				PRODUCT_NAME = "$(TARGET_NAME)";
				SWIFT_VERSION = 3.0;
			};
			name = Release;
		};
/* End XCBuildConfiguration section */

/* Begin XCConfigurationList section */
		7D57F05E1D1B20AA0015BFC1 /* Build configuration list for PBXProject "Auth0Sample" */ = {
			isa = XCConfigurationList;
			buildConfigurations = (
				7D57F0781D1B20AA0015BFC1 /* Debug */,
				7D57F0791D1B20AA0015BFC1 /* Release */,
			);
			defaultConfigurationIsVisible = 0;
			defaultConfigurationName = Release;
		};
		7D57F07A1D1B20AA0015BFC1 /* Build configuration list for PBXNativeTarget "Auth0Sample" */ = {
			isa = XCConfigurationList;
			buildConfigurations = (
				7D57F07B1D1B20AA0015BFC1 /* Debug */,
				7D57F07C1D1B20AA0015BFC1 /* Release */,
			);
			defaultConfigurationIsVisible = 0;
			defaultConfigurationName = Release;
		};
/* End XCConfigurationList section */
	};
	rootObject = 7D57F05B1D1B20AA0015BFC1 /* Project object */;
}
